# This file is automatically @generated by Cargo.
# It is not intended for manual editing.
version = 4

[[package]]
name = "bitsim"
version = "0.1.0"

[[package]]
name = "monas"
version = "0.1.0"

[[package]]
name = "monas-host"
version = "0.1.0"
dependencies = [
 "monas",
]

[[package]]
name = "monas-tools"
version = "0.1.0"
dependencies = [
 "bitsim",
 "monas",
]
